lockfileVersion: '9.0'

settings:
  autoInstallPeers: true
  excludeLinksFromLockfile: false

importers:

  .:
    dependencies:
      luxon:
        specifier: 3.4.0
        version: 3.4.0

packages:

  luxon@3.4.0:
    resolution: {integrity: sha512-7eDo4Pt7aGhoCheGFIuq4Xa2fJm4ZpmldpGhjTYBNUYNCN6TIEP6v7chwwwt3KRp7YR+rghbfvjyo3V5y9hgBw==}
    engines: {node: '>=12'}

snapshots:

  luxon@3.4.0: {}
